
Microsoft Visual Studio Solution File, Format Version 12.00
# Visual Studio Version 17
VisualStudioVersion = 17.0.32014.148
MinimumVisualStudioVersion = 10.0.40219.1
Project("{FAE04EC0-301F-11D3-BF4B-00C04F79EFBC}") = "homework10", "homework10\homework10.csproj", "{844A6BA0-6B50-4766-85C6-819E4B475C43}"
EndProject
Global
	GlobalSection(SolutionConfigurationPlatforms) = preSolution
		Debug|Any CPU = Debug|Any CPU
		Release|Any CPU = Release|Any CPU
	EndGlobalSection
	GlobalSection(ProjectConfigurationPlatforms) = postSolution
		{844A6BA0-6B50-4766-85C6-819E4B475C43}.Debug|Any CPU.ActiveCfg = Debug|Any CPU
		{844A6BA0-6B50-4766-85C6-819E4B475C43}.Debug|Any CPU.Build.0 = Debug|Any CPU
		{844A6BA0-6B50-4766-85C6-819E4B475C43}.Release|Any CPU.ActiveCfg = Release|Any CPU
		{844A6BA0-6B50-4766-85C6-819E4B475C43}.Release|Any CPU.Build.0 = Release|Any CPU
	EndGlobalSection
	GlobalSection(SolutionProperties) = preSolution
		HideSolutionNode = FALSE
	EndGlobalSection
	GlobalSection(ExtensibilityGlobals) = postSolution
		SolutionGuid = {0A9E5A85-897D-4A9D-8EF2-90835C1A3C1C}
	EndGlobalSection
EndGlobal
