
Microsoft Visual Studio Solution File, Format Version 12.00
# Visual Studio Version 17
VisualStudioVersion = 17.0.32014.148
MinimumVisualStudioVersion = 10.0.40219.1
Project("{9A19103F-16F7-4668-BE54-9A1E7A4F7556}") = "exercise_2", "homework_11\exercise_2.csproj", "{47BA067F-8DFC-4882-A804-97E03D623A3B}"
EndProject
Project("{9A19103F-16F7-4668-BE54-9A1E7A4F7556}") = "exercise_3", "exercise_3\exercise_3.csproj", "{4A26D747-DA5F-4E83-B63D-04DEE7237B08}"
EndProject
Project("{9A19103F-16F7-4668-BE54-9A1E7A4F7556}") = "exercise_4", "exercise_4\exercise_4.csproj", "{2A86D79A-E0B6-43E8-9E40-8A6DD9E0A6A8}"
EndProject
Project("{9A19103F-16F7-4668-BE54-9A1E7A4F7556}") = "exercise_1", "exercise_1\exercise_1.csproj", "{C7B410F7-06DB-47B2-BD42-9BEBF751456F}"
EndProject
Project("{FAE04EC0-301F-11D3-BF4B-00C04F79EFBC}") = "exercise_5", "exercise_5\exercise_5.csproj", "{892C3D2A-C308-462E-951F-411EB642ED93}"
EndProject
Global
	GlobalSection(SolutionConfigurationPlatforms) = preSolution
		Debug|Any CPU = Debug|Any CPU
		Release|Any CPU = Release|Any CPU
	EndGlobalSection
	GlobalSection(ProjectConfigurationPlatforms) = postSolution
		{47BA067F-8DFC-4882-A804-97E03D623A3B}.Debug|Any CPU.ActiveCfg = Debug|Any CPU
		{47BA067F-8DFC-4882-A804-97E03D623A3B}.Debug|Any CPU.Build.0 = Debug|Any CPU
		{47BA067F-8DFC-4882-A804-97E03D623A3B}.Release|Any CPU.ActiveCfg = Release|Any CPU
		{47BA067F-8DFC-4882-A804-97E03D623A3B}.Release|Any CPU.Build.0 = Release|Any CPU
		{4A26D747-DA5F-4E83-B63D-04DEE7237B08}.Debug|Any CPU.ActiveCfg = Debug|Any CPU
		{4A26D747-DA5F-4E83-B63D-04DEE7237B08}.Debug|Any CPU.Build.0 = Debug|Any CPU
		{4A26D747-DA5F-4E83-B63D-04DEE7237B08}.Release|Any CPU.ActiveCfg = Release|Any CPU
		{4A26D747-DA5F-4E83-B63D-04DEE7237B08}.Release|Any CPU.Build.0 = Release|Any CPU
		{2A86D79A-E0B6-43E8-9E40-8A6DD9E0A6A8}.Debug|Any CPU.ActiveCfg = Debug|Any CPU
		{2A86D79A-E0B6-43E8-9E40-8A6DD9E0A6A8}.Debug|Any CPU.Build.0 = Debug|Any CPU
		{2A86D79A-E0B6-43E8-9E40-8A6DD9E0A6A8}.Release|Any CPU.ActiveCfg = Release|Any CPU
		{2A86D79A-E0B6-43E8-9E40-8A6DD9E0A6A8}.Release|Any CPU.Build.0 = Release|Any CPU
		{C7B410F7-06DB-47B2-BD42-9BEBF751456F}.Debug|Any CPU.ActiveCfg = Debug|Any CPU
		{C7B410F7-06DB-47B2-BD42-9BEBF751456F}.Debug|Any CPU.Build.0 = Debug|Any CPU
		{C7B410F7-06DB-47B2-BD42-9BEBF751456F}.Release|Any CPU.ActiveCfg = Release|Any CPU
		{C7B410F7-06DB-47B2-BD42-9BEBF751456F}.Release|Any CPU.Build.0 = Release|Any CPU
		{892C3D2A-C308-462E-951F-411EB642ED93}.Debug|Any CPU.ActiveCfg = Debug|Any CPU
		{892C3D2A-C308-462E-951F-411EB642ED93}.Debug|Any CPU.Build.0 = Debug|Any CPU
		{892C3D2A-C308-462E-951F-411EB642ED93}.Release|Any CPU.ActiveCfg = Release|Any CPU
		{892C3D2A-C308-462E-951F-411EB642ED93}.Release|Any CPU.Build.0 = Release|Any CPU
	EndGlobalSection
	GlobalSection(SolutionProperties) = preSolution
		HideSolutionNode = FALSE
	EndGlobalSection
	GlobalSection(ExtensibilityGlobals) = postSolution
		SolutionGuid = {6DD7AD1D-3D6E-4A88-90C1-B686B59085B8}
	EndGlobalSection
EndGlobal
