
Microsoft Visual Studio Solution File, Format Version 12.00
# Visual Studio Version 17
VisualStudioVersion = 17.0.32014.148
MinimumVisualStudioVersion = 10.0.40219.1
Project("{FAE04EC0-301F-11D3-BF4B-00C04F79EFBC}") = "homework9_exercise3", "homework9_exercise3\homework9_exercise3.csproj", "{87B29C8E-2E71-4456-A6A9-0B3F344828B7}"
EndProject
Global
	GlobalSection(SolutionConfigurationPlatforms) = preSolution
		Debug|Any CPU = Debug|Any CPU
		Release|Any CPU = Release|Any CPU
	EndGlobalSection
	GlobalSection(ProjectConfigurationPlatforms) = postSolution
		{87B29C8E-2E71-4456-A6A9-0B3F344828B7}.Debug|Any CPU.ActiveCfg = Debug|Any CPU
		{87B29C8E-2E71-4456-A6A9-0B3F344828B7}.Debug|Any CPU.Build.0 = Debug|Any CPU
		{87B29C8E-2E71-4456-A6A9-0B3F344828B7}.Release|Any CPU.ActiveCfg = Release|Any CPU
		{87B29C8E-2E71-4456-A6A9-0B3F344828B7}.Release|Any CPU.Build.0 = Release|Any CPU
	EndGlobalSection
	GlobalSection(SolutionProperties) = preSolution
		HideSolutionNode = FALSE
	EndGlobalSection
	GlobalSection(ExtensibilityGlobals) = postSolution
		SolutionGuid = {AA9EAC36-C8AD-407A-9638-CA6BB2D2284A}
	EndGlobalSection
EndGlobal
